github.com/cloudnativego/cfmgo v0.0.0-20160521131352-35605f2df87a h1:mnWYpSS3cYygbniTMm2TxXZDDHQnrLZoBFjgR/G8gmQ=
github.com/cloudnativego/cfmgo v0.0.0-20160521131352-35605f2df87a/go.mod h1:ejfNKLfSVms0IgLfpbR94NmoARKRQ3xUVfrOWyC4CHk=
github.com/cloudnativego/gogo-engine v0.0.0-20160516023239-256cb157fb61 h1:wem7HFGVTGV1YMTWKc7jGEDwkpnYyyKlDLXK0vQbR3Q=
github.com/cloudnativego/gogo-engine v0.0.0-20160516023239-256cb157fb61/go.mod h1:3i95PK9mM8hzRzjhuQMPnQ2EsXxx9T2SFq1zPXW78sw=
github.com/cloudnativego/gogo-service v0.0.0-20160524113412-cd37c261db76 h1:dHHtgX+vi+Ehq3YYHhmN5q0UFz2/Ol41ou/RVmw5DF8=
github.com/cloudnativego/gogo-service v0.0.0-20160524113412-cd37c261db76/go.mod h1:ndsgf6ZjjBfNFs72NtHaBwTuwRdBZIuTtSDYmMq6cuw=
github.com/codegangsta/negroni v1.0.0 h1:+aYywywx4bnKXWvoWtRfJ91vC59NbEhEY03sZjQhbVY=
github.com/codegangsta/negroni v1.0.0/go.mod h1:v0y3T5G7Y1UlFfyxFn/QLRU4a2EuNau2iZY63YTKWo0=
github.com/eknkc/amber v0.0.0-20171010120322-cdade1c07385/go.mod h1:0vRUJqYpeSZifjYj7uP3BG/gKcuzL9xWVV/Y+cK33KM=
github.com/google/uuid v1.0.0 h1:b4Gk+7WdP/d3HZH8EJsZpvV7EtDOgaZLtnaNGIu1adA=
github.com/google/uuid v1.0.0/go.mod h1:TIyPZe4MgqvfeYDBFedMoGGpEw/LqOeaOT+nhxU+yHo=
github.com/gorilla/mux v1.7.3 h1:gnP5JzjVOuiZD07fKKToCAOjS0yOpj/qPETTXCCS6hw=
github.com/gorilla/mux v1.7.3/go.mod h1:1lud6UwP+6orDFRuTfBEV8e9/aOM/c4fVVCaMa2zaAs=
github.com/pborman/uuid v1.2.0 h1:J7Q5mO4ysT1dv8hyrUGHb9+ooztCXu1D8MY8DZYsu3g=
github.com/pborman/uuid v1.2.0/go.mod h1:X/NO0urCmaxf9VXbdlT7C2Yzkj2IKimNn4k+gtPdI/k=
github.com/unrolled/render v1.0.1 h1:VDDnQQVfBMsOsp3VaCJszSO0nkBIVEYoPWeRThk9spY=
github.com/unrolled/render v1.0.1/go.mod h1:gN9T0NhL4Bfbwu8ann7Ry/TGHYfosul+J0obPf6NBdM=
gopkg.in/mgo.v2 v2.0.0-20190816093944-a6b53ec6cb22 h1:VpOs+IwYnYBaFnrNAeB8UUWtL3vEUnzSCL1nVjPhqrw=
gopkg.in/mgo.v2 v2.0.0-20190816093944-a6b53ec6cb22/go.mod h1:yeKp02qBN3iKW1OzL3MGk2IdtZzaj7SFntXj72NppTA=
